
Microsoft Visual Studio Solution File, Format Version 12.00
# Visual Studio 15
VisualStudioVersion = 15.0.27130.2027
MinimumVisualStudioVersion = 10.0.40219.1
Project("{FAE04EC0-301F-11D3-BF4B-00C04F79EFBC}") = "BugTracker", "BugTracker\BugTracker.csproj", "{CCA848BA-F2E4-4E1F-9069-FB833F291472}"
EndProject
Global
	GlobalSection(SolutionConfigurationPlatforms) = preSolution
		Debug|Any CPU = Debug|Any CPU
		Release|Any CPU = Release|Any CPU
	EndGlobalSection
	GlobalSection(ProjectConfigurationPlatforms) = postSolution
		{CCA848BA-F2E4-4E1F-9069-FB833F291472}.Debug|Any CPU.ActiveCfg = Debug|Any CPU
		{CCA848BA-F2E4-4E1F-9069-FB833F291472}.Debug|Any CPU.Build.0 = Debug|Any CPU
		{CCA848BA-F2E4-4E1F-9069-FB833F291472}.Release|Any CPU.ActiveCfg = Release|Any CPU
		{CCA848BA-F2E4-4E1F-9069-FB833F291472}.Release|Any CPU.Build.0 = Release|Any CPU
	EndGlobalSection
	GlobalSection(SolutionProperties) = preSolution
		HideSolutionNode = FALSE
	EndGlobalSection
	GlobalSection(ExtensibilityGlobals) = postSolution
		SolutionGuid = {129E4058-81E2-4371-9D1D-96DBC7A171D4}
	EndGlobalSection
EndGlobal
